<?xml version="1.0" encoding="utf-8"?>
<Project ToolsVersion="4.0" xmlns="http://schemas.microsoft.com/developer/msbuild/2003">
  <ItemGroup>
    <Filter Include="Common">
      <UniqueIdentifier>93c392d0-a4a6-4701-9126-848630d1199f</UniqueIdentifier>
    </Filter>
    <Filter Include="Assets">
      <UniqueIdentifier>8f2b4709-46ad-4d92-a8b1-662b5c78ecea</UniqueIdentifier>
      <Extensions>ico;cur;bmp;dds;dlg;fbx;rct;bin;rgs;gif;jpg;jpeg;jpe;resx;tga;tiff;tif;png;wav;mfcribbon-ms</Extensions>
    </Filter>
    <Filter Include="Game">
      <UniqueIdentifier>{40238d9a-5d19-4364-a0fe-f72541915ee1}</UniqueIdentifier>
    </Filter>
    <Filter Include="Game\Common">
      <UniqueIdentifier>{8cd36003-c223-4a5a-a684-a6c39bf41da7}</UniqueIdentifier>
    </Filter>
    <Filter Include="Game\Object">
      <UniqueIdentifier>{423b36b3-21c4-4ff8-a80d-5d943d2811b4}</UniqueIdentifier>
    </Filter>
    <Filter Include="Game\Scene">
      <UniqueIdentifier>{ab7850bb-96f8-4db8-88d1-bc13749d0fcb}</UniqueIdentifier>
    </Filter>
    <Filter Include="TKTLib">
      <UniqueIdentifier>{6fb2f97a-786f-4274-a1ef-9cb28987e1e6}</UniqueIdentifier>
    </Filter>
    <Filter Include="Game\Object\Enemy">
      <UniqueIdentifier>{2966478a-e851-42f7-ac58-aaca23f15731}</UniqueIdentifier>
    </Filter>
    <Filter Include="Game\Object\Player">
      <UniqueIdentifier>{398ccf8b-d265-463b-b0e3-1991d9c964d2}</UniqueIdentifier>
    </Filter>
    <Filter Include="Game\Object\Player\State">
      <UniqueIdentifier>{56e3ba2c-1861-48ba-b5e5-5f0c63692a9e}</UniqueIdentifier>
    </Filter>
    <Filter Include="Game\Object\Gem">
      <UniqueIdentifier>{a5070706-20ab-4173-833f-eacb35b77920}</UniqueIdentifier>
    </Filter>
    <Filter Include="Game\Interface">
      <UniqueIdentifier>{f9260f9f-3eef-422d-af03-94d21149ac91}</UniqueIdentifier>
    </Filter>
    <Filter Include="Game\Message">
      <UniqueIdentifier>{8af0af11-9763-4e59-99e9-3113580ba4c4}</UniqueIdentifier>
    </Filter>
    <Filter Include="Resources">
      <UniqueIdentifier>{1887ddc4-61b7-442f-9ad3-6c8413576e0c}</UniqueIdentifier>
    </Filter>
    <Filter Include="Resources\Shaders">
      <UniqueIdentifier>{e7c97d6d-5793-4521-b92e-4f23262a545a}</UniqueIdentifier>
    </Filter>
    <Filter Include="Resources\Shaders\ModelShader">
      <UniqueIdentifier>{5a4248c8-2cc0-4289-a287-f490a090d497}</UniqueIdentifier>
    </Filter>
    <Filter Include="Game\Common\Collision">
      <UniqueIdentifier>{349cac0d-f694-4abf-b269-7d4ca014d383}</UniqueIdentifier>
    </Filter>
    <Filter Include="Game\Object\Enemy\Bat">
      <UniqueIdentifier>{c74c940e-c231-4f20-9cf8-77389c735f5b}</UniqueIdentifier>
    </Filter>
    <Filter Include="Game\Object\Enemy\Bat\State">
      <UniqueIdentifier>{da2e2099-2fc5-41e5-b191-726d0d5d3824}</UniqueIdentifier>
    </Filter>
    <Filter Include="Game\Factory">
      <UniqueIdentifier>{89398724-c6a8-4b16-9028-72b4f8fe279e}</UniqueIdentifier>
    </Filter>
    <Filter Include="Game\UI">
      <UniqueIdentifier>{423e0a96-e9c2-494d-8e6a-aa2419d4c39a}</UniqueIdentifier>
    </Filter>
    <Filter Include="Resources\Shaders\UIShader">
      <UniqueIdentifier>{5c1f3135-db7a-4120-9be7-c38a97514879}</UniqueIdentifier>
    </Filter>
    <Filter Include="Game\UI\GemSelect">
      <UniqueIdentifier>{f4205151-49ab-47b6-830a-697b01b664a7}</UniqueIdentifier>
    </Filter>
    <Filter Include="Game\UI\Gauge">
      <UniqueIdentifier>{9d4a29f1-e527-43f3-aa7e-87a19e2a0c09}</UniqueIdentifier>
    </Filter>
    <Filter Include="Game\UI\HoldGem">
      <UniqueIdentifier>{567c6cde-f380-4853-a064-24b7e3fde799}</UniqueIdentifier>
    </Filter>
    <Filter Include="Game\Object\Stage">
      <UniqueIdentifier>{945ad935-21ba-4e67-b663-1f7e95bd8ab3}</UniqueIdentifier>
    </Filter>
    <Filter Include="Game\Motion">
      <UniqueIdentifier>{e36d664b-4ec1-4f02-9fe1-758598807c0b}</UniqueIdentifier>
    </Filter>
    <Filter Include="Game\Motion\PlayerMotion">
      <UniqueIdentifier>{cb780c85-1034-4fa4-ac12-acc3ea7eeb18}</UniqueIdentifier>
    </Filter>
    <Filter Include="Game\Motion\BatMotion">
      <UniqueIdentifier>{99cba174-5c64-4fad-a703-09df1e2b9960}</UniqueIdentifier>
    </Filter>
    <Filter Include="Game\UI\Menu">
      <UniqueIdentifier>{bbc20517-7e28-4caf-99d1-75011de4a01e}</UniqueIdentifier>
    </Filter>
    <Filter Include="Game\Object\Enemy\Golem">
      <UniqueIdentifier>{ea55ce75-f054-4e1d-aaf8-2312976eba96}</UniqueIdentifier>
    </Filter>
    <Filter Include="Game\Object\Enemy\Golem\State">
      <UniqueIdentifier>{c1d925f1-ae52-4d61-a66a-dad642a1ef0a}</UniqueIdentifier>
    </Filter>
    <Filter Include="Game\UI\Result">
      <UniqueIdentifier>{edc07fd1-f1e0-4022-8e5f-57a6c08de263}</UniqueIdentifier>
    </Filter>
    <Filter Include="Game\Motion\GolemMotion">
      <UniqueIdentifier>{19866ef4-c7ef-400b-bf71-c1f496e1d62f}</UniqueIdentifier>
    </Filter>
    <Filter Include="Resources\Shaders\ParticleShader">
      <UniqueIdentifier>{5538c668-adc0-454e-8512-583b5bc9d090}</UniqueIdentifier>
    </Filter>
    <Filter Include="Game\Particle">
      <UniqueIdentifier>{537ddf7a-34dd-41af-888e-2c6a1528d4f3}</UniqueIdentifier>
    </Filter>
    <Filter Include="Game\Particle\Vanish">
      <UniqueIdentifier>{97e9e750-46f7-4497-a921-12c28dbe9183}</UniqueIdentifier>
    </Filter>
    <Filter Include="Game\Object\Item">
      <UniqueIdentifier>{8f711284-0545-4d92-a8ac-42129c258a78}</UniqueIdentifier>
    </Filter>
    <Filter Include="Resources\Shaders\FadeShader">
      <UniqueIdentifier>{99439f13-a68e-4c26-85c5-3312e0880da0}</UniqueIdentifier>
    </Filter>
    <Filter Include="Game\Transitor">
      <UniqueIdentifier>{621be62f-e395-4b79-9dc3-aff726721570}</UniqueIdentifier>
    </Filter>
    <Filter Include="Resources\Shaders\lumiRockShader">
      <UniqueIdentifier>{3ba9fa53-241a-408b-98fa-7f2c3d85180f}</UniqueIdentifier>
    </Filter>
    <Filter Include="Game\Particle\PowerUp">
      <UniqueIdentifier>{506a7f63-9bba-45ec-a1c3-a2730b92581d}</UniqueIdentifier>
    </Filter>
    <Filter Include="Game\UI\Buff">
      <UniqueIdentifier>{9fc0829b-ec33-498a-a99f-6ccabe491f03}</UniqueIdentifier>
    </Filter>
    <Filter Include="Resources\Shaders\OutLineShader">
      <UniqueIdentifier>{ddcbcd56-b783-4563-ad94-a4ab10f99a42}</UniqueIdentifier>
    </Filter>
    <Filter Include="Game\Object\Gem\Unique">
      <UniqueIdentifier>{79d6c1ad-1505-4d50-a4ca-f6f879229834}</UniqueIdentifier>
    </Filter>
    <Filter Include="Game\Particle\MoveDust">
      <UniqueIdentifier>{c38ca989-98dd-4f5b-b972-069828149141}</UniqueIdentifier>
    </Filter>
    <Filter Include="Game\Particle\ItemGet">
      <UniqueIdentifier>{ad52a4d4-425b-49c7-bdea-edbf0a49822e}</UniqueIdentifier>
    </Filter>
    <Filter Include="Game\UI\ClearConditions">
      <UniqueIdentifier>{cad9674d-c5ab-4121-a30f-a45c09dd42b3}</UniqueIdentifier>
    </Filter>
    <Filter Include="Resources\Shaders\NumberShader">
      <UniqueIdentifier>{9b3c4de2-0e99-4e36-9f98-afb171a9f238}</UniqueIdentifier>
    </Filter>
    <Filter Include="Game\Particle\Damage">
      <UniqueIdentifier>{d86bec97-cc24-43c6-85af-08080cf96eb5}</UniqueIdentifier>
    </Filter>
    <Filter Include="Resources\Shaders\NumberShader\3D">
      <UniqueIdentifier>{38d00b96-c94f-446c-b0dd-de154f36176b}</UniqueIdentifier>
    </Filter>
  </ItemGroup>
  <ItemGroup>
    <ClInclude Include="pch.h" />
    <ClInclude Include="StepTimer.h">
      <Filter>Common</Filter>
    </ClInclude>
    <ClInclude Include="DeviceResources.h">
      <Filter>Common</Filter>
    </ClInclude>
    <ClInclude Include="Game\Game.h">
      <Filter>Game</Filter>
    </ClInclude>
    <ClInclude Include="TKTLib\TKTLib.h">
      <Filter>TKTLib</Filter>
    </ClInclude>
    <ClInclude Include="Game\Common\Graphics.h">
      <Filter>Game\Common</Filter>
    </ClInclude>
    <ClInclude Include="Game\Common\ResourceManager.h">
      <Filter>Game\Common</Filter>
    </ClInclude>
    <ClInclude Include="Game\Common\SceneManager.h">
      <Filter>Game\Common</Filter>
    </ClInclude>
    <ClInclude Include="Game\Common\Sound.h">
      <Filter>Game\Common</Filter>
    </ClInclude>
    <ClInclude Include="Game\Scene\TitleScene.h">
      <Filter>Game\Scene</Filter>
    </ClInclude>
    <ClInclude Include="Game\Object\Camera.h">
      <Filter>Game\Object</Filter>
    </ClInclude>
    <ClInclude Include="Game\Scene\GameScene.h">
      <Filter>Game\Scene</Filter>
    </ClInclude>
    <ClInclude Include="Game\Object\Player\Player.h">
      <Filter>Game\Object\Player</Filter>
    </ClInclude>
    <ClInclude Include="TKTLib\ModelParams.h">
      <Filter>TKTLib</Filter>
    </ClInclude>
    <ClInclude Include="Game\Object\Gem\Gem.h">
      <Filter>Game\Object\Gem</Filter>
    </ClInclude>
    <ClInclude Include="Game\Object\Gem\GemManager.h">
      <Filter>Game\Object\Gem</Filter>
    </ClInclude>
    <ClInclude Include="Game\Interface\IState.h">
      <Filter>Game\Interface</Filter>
    </ClInclude>
    <ClInclude Include="Game\Interface\IObserver.h">
      <Filter>Game\Interface</Filter>
    </ClInclude>
    <ClInclude Include="Game\Message\Message.h">
      <Filter>Game\Message</Filter>
    </ClInclude>
    <ClInclude Include="Game\Message\Messenger.h">
      <Filter>Game\Message</Filter>
    </ClInclude>
    <ClInclude Include="Game\Object\GameObject.h">
      <Filter>Game\Object</Filter>
    </ClInclude>
    <ClInclude Include="Game\Common\BinaryFile.h">
      <Filter>Game\Common</Filter>
    </ClInclude>
    <ClInclude Include="Game\Object\Player\State\PlayerIdling.h">
      <Filter>Game\Object\Player\State</Filter>
    </ClInclude>
    <ClInclude Include="Game\Object\Player\State\PlayerMoving.h">
      <Filter>Game\Object\Player\State</Filter>
    </ClInclude>
    <ClInclude Include="Game\Object\Light.h">
      <Filter>Game\Object</Filter>
    </ClInclude>
    <ClInclude Include="Game\Shader.h">
      <Filter>Game</Filter>
    </ClInclude>
    <ClInclude Include="Game\Common\Collision\Shape.h">
      <Filter>Game\Common\Collision</Filter>
    </ClInclude>
    <ClInclude Include="Game\Common\Collision\Sphere.h">
      <Filter>Game\Common\Collision</Filter>
    </ClInclude>
    <ClInclude Include="Game\Common\Collision\Box.h">
      <Filter>Game\Common\Collision</Filter>
    </ClInclude>
    <ClInclude Include="Game\Object\Player\Hand.h">
      <Filter>Game\Object\Player</Filter>
    </ClInclude>
    <ClInclude Include="Game\Common\Collision\DisplayCollision.h">
      <Filter>Game\Common\Collision</Filter>
    </ClInclude>
    <ClInclude Include="DebugDraw.h">
      <Filter>Common</Filter>
    </ClInclude>
    <ClInclude Include="Game\Common\DebugFont.h">
      <Filter>Game\Common</Filter>
    </ClInclude>
    <ClInclude Include="Game\Common\Collision\CollisionManager.h">
      <Filter>Game\Common\Collision</Filter>
    </ClInclude>
    <ClInclude Include="Game\Object\Player\Pikel.h">
      <Filter>Game\Object\Player</Filter>
    </ClInclude>
    <ClInclude Include="Game\Object\Player\State\PlayerGroundAttack.h">
      <Filter>Game\Object\Player\State</Filter>
    </ClInclude>
    <ClInclude Include="Game\Tag.h">
      <Filter>Game</Filter>
    </ClInclude>
    <ClInclude Include="Game\Object\Player\State\PlayerJumping.h">
      <Filter>Game\Object\Player\State</Filter>
    </ClInclude>
    <ClInclude Include="Game\Object\Enemy\Bat\Bat.h">
      <Filter>Game\Object\Enemy\Bat</Filter>
    </ClInclude>
    <ClInclude Include="Game\GameData.h" />
    <ClInclude Include="Game\Object\Enemy\Bat\State\BatAttack.h">
      <Filter>Game\Object\Enemy\Bat\State</Filter>
    </ClInclude>
    <ClInclude Include="Game\Object\Enemy\Bat\State\BatIdling.h">
      <Filter>Game\Object\Enemy\Bat\State</Filter>
    </ClInclude>
    <ClInclude Include="Game\Object\Enemy\Bat\State\BatMoving.h">
      <Filter>Game\Object\Enemy\Bat\State</Filter>
    </ClInclude>
    <ClInclude Include="Game\Object\Enemy\EnemyManager.h">
      <Filter>Game\Object\Enemy</Filter>
    </ClInclude>
    <ClInclude Include="Game\Scene\LoadScene.h">
      <Filter>Game\Scene</Filter>
    </ClInclude>
    <ClInclude Include="Game\UI\UserInterface.h">
      <Filter>Game\UI</Filter>
    </ClInclude>
    <ClInclude Include="Game\Fuctory\GameObjectFactory.h">
      <Filter>Game\Factory</Filter>
    </ClInclude>
    <ClInclude Include="Game\Object\Character.h">
      <Filter>Game\Object</Filter>
    </ClInclude>
    <ClInclude Include="Game\UI\GemSelect\GemSelect.h">
      <Filter>Game\UI\GemSelect</Filter>
    </ClInclude>
    <ClInclude Include="Game\Object\Enemy\Bat\Wing.h">
      <Filter>Game\Object\Enemy\Bat</Filter>
    </ClInclude>
    <ClInclude Include="Game\UI\Gauge\Gauge.h">
      <Filter>Game\UI\Gauge</Filter>
    </ClInclude>
    <ClInclude Include="Game\Scene\GemSelectScene.h">
      <Filter>Game\Scene</Filter>
    </ClInclude>
    <ClInclude Include="Game\UI\HoldGem\HoldGem.h">
      <Filter>Game\UI\HoldGem</Filter>
    </ClInclude>
    <ClInclude Include="Game\Object\Player\State\PlayerAvoidance.h">
      <Filter>Game\Object\Player\State</Filter>
    </ClInclude>
    <ClInclude Include="Game\Object\Stage\Stage.h">
      <Filter>Game\Object\Stage</Filter>
    </ClInclude>
    <ClInclude Include="Game\Object\Stage\Ground.h">
      <Filter>Game\Object\Stage</Filter>
    </ClInclude>
    <ClInclude Include="Game\Object\Stage\Wall.h">
      <Filter>Game\Object\Stage</Filter>
    </ClInclude>
    <ClInclude Include="Game\Common\DamageSystem.h">
      <Filter>Game\Common</Filter>
    </ClInclude>
    <ClInclude Include="Game\Object\Weapon.h">
      <Filter>Game\Object</Filter>
    </ClInclude>
    <ClInclude Include="Game\Object\Enemy\Bat\State\BatChasing.h">
      <Filter>Game\Object\Enemy\Bat\State</Filter>
    </ClInclude>
    <ClInclude Include="Game\Object\Enemy\Bat\State\BatAttackPreparing.h">
      <Filter>Game\Object\Enemy\Bat\State</Filter>
    </ClInclude>
    <ClInclude Include="Game\Interface\IUI.h">
      <Filter>Game\Interface</Filter>
    </ClInclude>
    <ClInclude Include="Game\Motion\PlayerMotion\PlayerFirstAttackMotion.h">
      <Filter>Game\Motion\PlayerMotion</Filter>
    </ClInclude>
    <ClInclude Include="Game\Motion\PlayerMotion\PlayerSecondAttackMotion.h">
      <Filter>Game\Motion\PlayerMotion</Filter>
    </ClInclude>
    <ClInclude Include="Game\Motion\Motion.h">
      <Filter>Game\Motion</Filter>
    </ClInclude>
    <ClInclude Include="Game\Motion\MotionType.h">
      <Filter>Game\Motion</Filter>
    </ClInclude>
    <ClInclude Include="Game\Motion\PlayerMotion\PlayerThirdAttackMotion.h">
      <Filter>Game\Motion\PlayerMotion</Filter>
    </ClInclude>
    <ClInclude Include="Game\Object\Player\State\PlayerAirAttack.h">
      <Filter>Game\Object\Player\State</Filter>
    </ClInclude>
    <ClInclude Include="Game\Motion\PlayerMotion\PlayerSlamAttackMotion.h">
      <Filter>Game\Motion\PlayerMotion</Filter>
    </ClInclude>
    <ClInclude Include="Game\Object\Player\State\PlayerDamaged.h">
      <Filter>Game\Object\Player\State</Filter>
    </ClInclude>
    <ClInclude Include="Game\Motion\BatMotion\BatAttackPreparingMotion.h">
      <Filter>Game\Motion\BatMotion</Filter>
    </ClInclude>
    <ClInclude Include="Game\Motion\BatMotion\BatAttackMotion.h">
      <Filter>Game\Motion\BatMotion</Filter>
    </ClInclude>
    <ClInclude Include="Game\Object\Enemy\Bat\State\BatDamaged.h">
      <Filter>Game\Object\Enemy\Bat\State</Filter>
    </ClInclude>
    <ClInclude Include="Game\Scene\ResultScene.h">
      <Filter>Game\Scene</Filter>
    </ClInclude>
    <ClInclude Include="Game\UI\Menu\Menu.h">
      <Filter>Game\UI\Menu</Filter>
    </ClInclude>
    <ClInclude Include="Game\UI\GemSelectUIManager.h">
      <Filter>Game\UI</Filter>
    </ClInclude>
    <ClInclude Include="Game\UI\GemSelect\ChangeConfirm.h">
      <Filter>Game\UI\GemSelect</Filter>
    </ClInclude>
    <ClInclude Include="Game\UI\GemSelect\ChangeGem.h">
      <Filter>Game\UI\GemSelect</Filter>
    </ClInclude>
    <ClInclude Include="Game\UI\HoldGem\HoldGemInfoDraw.h">
      <Filter>Game\UI\HoldGem</Filter>
    </ClInclude>
    <ClInclude Include="Game\Fuctory\UIFactory.h">
      <Filter>Game\Factory</Filter>
    </ClInclude>
    <ClInclude Include="Game\Object\Enemy\Golem\Golem.h">
      <Filter>Game\Object\Enemy\Golem</Filter>
    </ClInclude>
    <ClInclude Include="Game\Object\Enemy\Golem\State\GolemIdling.h">
      <Filter>Game\Object\Enemy\Golem\State</Filter>
    </ClInclude>
    <ClInclude Include="Game\Object\Enemy\Golem\State\GolemAttack.h">
      <Filter>Game\Object\Enemy\Golem\State</Filter>
    </ClInclude>
    <ClInclude Include="Game\Object\Enemy\Golem\State\GolemAttackPreparing.h">
      <Filter>Game\Object\Enemy\Golem\State</Filter>
    </ClInclude>
    <ClInclude Include="Game\Object\Enemy\Golem\State\GolemChasing.h">
      <Filter>Game\Object\Enemy\Golem\State</Filter>
    </ClInclude>
    <ClInclude Include="Game\Object\Enemy\Golem\State\GolemDamaged.h">
      <Filter>Game\Object\Enemy\Golem\State</Filter>
    </ClInclude>
    <ClInclude Include="Game\Object\Enemy\Golem\State\GolemMoving.h">
      <Filter>Game\Object\Enemy\Golem\State</Filter>
    </ClInclude>
    <ClInclude Include="Game\UI\Result\SaveConfirm.h">
      <Filter>Game\UI\Result</Filter>
    </ClInclude>
    <ClInclude Include="Game\Motion\PlayerMotion\PlayerIdlingMotion.h">
      <Filter>Game\Motion\PlayerMotion</Filter>
    </ClInclude>
    <ClInclude Include="Game\Object\Enemy\Golem\GolemHand.h">
      <Filter>Game\Object\Enemy\Golem</Filter>
    </ClInclude>
    <ClInclude Include="Game\Object\Stage\Candlestick.h">
      <Filter>Game\Object\Stage</Filter>
    </ClInclude>
    <ClInclude Include="Game\Motion\GolemMotion\GolemPunchMotion.h">
      <Filter>Game\Motion\GolemMotion</Filter>
    </ClInclude>
    <ClInclude Include="Game\Motion\GolemMotion\GolemPunchPreparingMotion.h">
      <Filter>Game\Motion\GolemMotion</Filter>
    </ClInclude>
    <ClInclude Include="Game\Particle\Particle.h">
      <Filter>Game\Particle</Filter>
    </ClInclude>
    <ClInclude Include="Game\Object\Enemy\EnemyPart.h">
      <Filter>Game\Object\Enemy</Filter>
    </ClInclude>
    <ClInclude Include="Game\Particle\ParticleManager.h">
      <Filter>Game\Particle</Filter>
    </ClInclude>
    <ClInclude Include="Game\Particle\Vanish\ParticleVanish.h">
      <Filter>Game\Particle\Vanish</Filter>
    </ClInclude>
    <ClInclude Include="Game\Particle\Vanish\ParticleVanishControl.h">
      <Filter>Game\Particle\Vanish</Filter>
    </ClInclude>
    <ClInclude Include="Game\Particle\ParticleControl.h">
      <Filter>Game\Particle</Filter>
    </ClInclude>
    <ClInclude Include="Game\Motion\GolemMotion\GolemSlammedDownMotion.h">
      <Filter>Game\Motion\GolemMotion</Filter>
    </ClInclude>
    <ClInclude Include="Game\Motion\GolemMotion\GolemSlammedDownPreparingMotion.h">
      <Filter>Game\Motion\GolemMotion</Filter>
    </ClInclude>
    <ClInclude Include="Game\Object\Item\Item.h">
      <Filter>Game\Object\Item</Filter>
    </ClInclude>
    <ClInclude Include="Game\Object\Item\ItemManager.h">
      <Filter>Game\Object\Item</Filter>
    </ClInclude>
    <ClInclude Include="Game\Transitor\Transitor.h">
      <Filter>Game\Transitor</Filter>
    </ClInclude>
    <ClInclude Include="Game\Particle\PowerUp\ParticlePowerUp.h">
      <Filter>Game\Particle\PowerUp</Filter>
    </ClInclude>
    <ClInclude Include="Game\UI\Buff\Buff.h">
      <Filter>Game\UI\Buff</Filter>
    </ClInclude>
    <ClInclude Include="Game\UI\Buff\BuffUIControl.h">
      <Filter>Game\UI\Buff</Filter>
    </ClInclude>
    <ClInclude Include="Game\Object\Gem\Unique\HPAutoRecoveryGem.h">
      <Filter>Game\Object\Gem\Unique</Filter>
    </ClInclude>
    <ClInclude Include="RenderTexture.h">
      <Filter>Common</Filter>
    </ClInclude>
    <ClInclude Include="Game\Particle\PowerUp\ParticlePowerUpControl.h">
      <Filter>Game\Particle\PowerUp</Filter>
    </ClInclude>
    <ClInclude Include="Game\Object\PartObject.h">
      <Filter>Game\Object</Filter>
    </ClInclude>
    <ClInclude Include="Game\Particle\MoveDust\ParticleMoveDust.h">
      <Filter>Game\Particle\MoveDust</Filter>
    </ClInclude>
    <ClInclude Include="Game\Particle\MoveDust\ParticleMoveDustControl.h">
      <Filter>Game\Particle\MoveDust</Filter>
    </ClInclude>
    <ClInclude Include="Game\Particle\ItemGet\ParticleItemGet.h">
      <Filter>Game\Particle\ItemGet</Filter>
    </ClInclude>
    <ClInclude Include="Game\Particle\ItemGet\ParticleItemGetControl.h">
      <Filter>Game\Particle\ItemGet</Filter>
    </ClInclude>
    <ClInclude Include="Game\Object\Gem\Unique\UniquGem.h">
      <Filter>Game\Object\Gem\Unique</Filter>
    </ClInclude>
    <ClInclude Include="Game\Fuctory\GemFactory.h">
      <Filter>Game\Factory</Filter>
    </ClInclude>
    <ClInclude Include="Game\Object\Gem\StatusUpGem.h">
      <Filter>Game\Object\Gem</Filter>
    </ClInclude>
    <ClInclude Include="Game\Object\Gem\Unique\AllSpenningAttackGem.h">
      <Filter>Game\Object\Gem\Unique</Filter>
    </ClInclude>
    <ClInclude Include="Game\Motion\BatMotion\BatDamageMotion.h">
      <Filter>Game\Motion\BatMotion</Filter>
    </ClInclude>
    <ClInclude Include="Game\UI\ClearConditions\ClearConditions.h">
      <Filter>Game\UI\ClearConditions</Filter>
    </ClInclude>
    <ClInclude Include="Game\UI\Number.h">
      <Filter>Game\UI</Filter>
    </ClInclude>
    <ClInclude Include="Game\UI\NumberControl.h">
      <Filter>Game\UI</Filter>
    </ClInclude>
    <ClInclude Include="Game\Particle\Damage\ParticleDamageNumber.h">
      <Filter>Game\Particle\Damage</Filter>
    </ClInclude>
    <ClInclude Include="Game\Particle\Damage\ParticleDamageControl.h">
      <Filter>Game\Particle\Damage</Filter>
    </ClInclude>
    <ClInclude Include="Game\Particle\Damage\ParticleNumber3D.h">
      <Filter>Game\Particle\Damage</Filter>
    </ClInclude>
    <ClInclude Include="Game\Object\Gem\Unique\FullHPAttackUp.h">
      <Filter>Game\Object\Gem\Unique</Filter>
    </ClInclude>
    <ClInclude Include="Game\Motion\PlayerMotion\PlayerAirSpenningMotion.h">
      <Filter>Game\Motion\PlayerMotion</Filter>
    </ClInclude>
    <ClInclude Include="Game\Motion\AttackMotion.h">
      <Filter>Game\Motion</Filter>
    </ClInclude>
  </ItemGroup>
  <ItemGroup>
    <ClCompile Include="pch.cpp" />
    <ClCompile Include="Main.cpp" />
    <ClCompile Include="DeviceResources.cpp">
      <Filter>Common</Filter>
    </ClCompile>
    <ClCompile Include="Game\Game.cpp">
      <Filter>Game</Filter>
    </ClCompile>
    <ClCompile Include="Game\Common\Graphics.cpp">
      <Filter>Game\Common</Filter>
    </ClCompile>
    <ClCompile Include="Game\Common\ResourceManager.cpp">
      <Filter>Game\Common</Filter>
    </ClCompile>
    <ClCompile Include="Game\Common\Sound.cpp">
      <Filter>Game\Common</Filter>
    </ClCompile>
    <ClCompile Include="Game\Scene\TitleScene.cpp">
      <Filter>Game\Scene</Filter>
    </ClCompile>
    <ClCompile Include="Game\Object\Camera.cpp">
      <Filter>Game\Object</Filter>
    </ClCompile>
    <ClCompile Include="Game\Scene\GameScene.cpp">
      <Filter>Game\Scene</Filter>
    </ClCompile>
    <ClCompile Include="Game\Object\GameObject.cpp">
      <Filter>Game\Object</Filter>
    </ClCompile>
    <ClCompile Include="Game\Object\Player\Player.cpp">
      <Filter>Game\Object\Player</Filter>
    </ClCompile>
    <ClCompile Include="TKTLib\ModelParams.cpp">
      <Filter>TKTLib</Filter>
    </ClCompile>
    <ClCompile Include="Game\Object\Gem\Gem.cpp">
      <Filter>Game\Object\Gem</Filter>
    </ClCompile>
    <ClCompile Include="Game\Object\Gem\GemManager.cpp">
      <Filter>Game\Object\Gem</Filter>
    </ClCompile>
    <ClCompile Include="Game\Message\Messenger.cpp">
      <Filter>Game\Message</Filter>
    </ClCompile>
    <ClCompile Include="Game\Common\BinaryFile.cpp">
      <Filter>Game\Common</Filter>
    </ClCompile>
    <ClCompile Include="Game\Object\Player\State\PlayerIdling.cpp">
      <Filter>Game\Object\Player\State</Filter>
    </ClCompile>
    <ClCompile Include="Game\Object\Player\State\PlayerMoving.cpp">
      <Filter>Game\Object\Player\State</Filter>
    </ClCompile>
    <ClCompile Include="Game\Object\Light.cpp">
      <Filter>Game\Object</Filter>
    </ClCompile>
    <ClCompile Include="Game\Shader.cpp">
      <Filter>Game</Filter>
    </ClCompile>
    <ClCompile Include="Game\Common\Collision\Shape.cpp">
      <Filter>Game\Common\Collision</Filter>
    </ClCompile>
    <ClCompile Include="Game\Common\Collision\Sphere.cpp">
      <Filter>Game\Common\Collision</Filter>
    </ClCompile>
    <ClCompile Include="Game\Common\Collision\Box.cpp">
      <Filter>Game\Common\Collision</Filter>
    </ClCompile>
    <ClCompile Include="Game\Object\Player\Hand.cpp">
      <Filter>Game\Object\Player</Filter>
    </ClCompile>
    <ClCompile Include="Game\Common\Collision\DisplayCollision.cpp">
      <Filter>Game\Common\Collision</Filter>
    </ClCompile>
    <ClCompile Include="DebugDraw.cpp">
      <Filter>Common</Filter>
    </ClCompile>
    <ClCompile Include="Game\Common\DebugFont.cpp">
      <Filter>Game\Common</Filter>
    </ClCompile>
    <ClCompile Include="Game\Common\Collision\CollisionManager.cpp">
      <Filter>Game\Common\Collision</Filter>
    </ClCompile>
    <ClCompile Include="Game\Object\Player\Pikel.cpp">
      <Filter>Game\Object\Player</Filter>
    </ClCompile>
    <ClCompile Include="Game\Object\Player\State\PlayerGroundAttack.cpp">
      <Filter>Game\Object\Player\State</Filter>
    </ClCompile>
    <ClCompile Include="Game\Object\Player\State\PlayerJumping.cpp">
      <Filter>Game\Object\Player\State</Filter>
    </ClCompile>
    <ClCompile Include="Game\Object\Enemy\Bat\Bat.cpp">
      <Filter>Game\Object\Enemy\Bat</Filter>
    </ClCompile>
    <ClCompile Include="Game\Object\Enemy\EnemyManager.cpp">
      <Filter>Game\Object\Enemy</Filter>
    </ClCompile>
    <ClCompile Include="Game\Object\Enemy\Bat\State\BatAttack.cpp">
      <Filter>Game\Object\Enemy\Bat\State</Filter>
    </ClCompile>
    <ClCompile Include="Game\Object\Enemy\Bat\State\BatIdling.cpp">
      <Filter>Game\Object\Enemy\Bat\State</Filter>
    </ClCompile>
    <ClCompile Include="Game\Object\Enemy\Bat\State\BatMoving.cpp">
      <Filter>Game\Object\Enemy\Bat\State</Filter>
    </ClCompile>
    <ClCompile Include="Game\Scene\LoadScene.cpp">
      <Filter>Game\Scene</Filter>
    </ClCompile>
    <ClCompile Include="Game\UI\UserInterface.cpp">
      <Filter>Game\UI</Filter>
    </ClCompile>
    <ClCompile Include="Game\Fuctory\GameObjectFactory.cpp">
      <Filter>Game\Factory</Filter>
    </ClCompile>
    <ClCompile Include="Game\Object\Character.cpp">
      <Filter>Game\Object</Filter>
    </ClCompile>
    <ClCompile Include="Game\UI\GemSelect\GemSelect.cpp">
      <Filter>Game\UI\GemSelect</Filter>
    </ClCompile>
    <ClCompile Include="Game\Object\Enemy\Bat\Wing.cpp">
      <Filter>Game\Object\Enemy\Bat</Filter>
    </ClCompile>
    <ClCompile Include="Game\UI\Gauge\Gauge.cpp">
      <Filter>Game\UI\Gauge</Filter>
    </ClCompile>
    <ClCompile Include="Game\Scene\GemSelectScene.cpp">
      <Filter>Game\Scene</Filter>
    </ClCompile>
    <ClCompile Include="Game\UI\HoldGem\HoldGem.cpp">
      <Filter>Game\UI\HoldGem</Filter>
    </ClCompile>
    <ClCompile Include="Game\Object\Player\State\PlayerAvoidance.cpp">
      <Filter>Game\Object\Player\State</Filter>
    </ClCompile>
    <ClCompile Include="Game\Object\Stage\Stage.cpp">
      <Filter>Game\Object\Stage</Filter>
    </ClCompile>
    <ClCompile Include="Game\Object\Stage\Ground.cpp">
      <Filter>Game\Object\Stage</Filter>
    </ClCompile>
    <ClCompile Include="Game\Object\Stage\Wall.cpp">
      <Filter>Game\Object\Stage</Filter>
    </ClCompile>
    <ClCompile Include="Game\Common\DamageSystem.cpp">
      <Filter>Game\Common</Filter>
    </ClCompile>
    <ClCompile Include="Game\Object\Weapon.cpp">
      <Filter>Game\Object</Filter>
    </ClCompile>
    <ClCompile Include="Game\Object\Enemy\Bat\State\BatChasing.cpp">
      <Filter>Game\Object\Enemy\Bat\State</Filter>
    </ClCompile>
    <ClCompile Include="Game\Object\Enemy\Bat\State\BatAttackPreparing.cpp">
      <Filter>Game\Object\Enemy\Bat\State</Filter>
    </ClCompile>
    <ClCompile Include="Game\Motion\PlayerMotion\PlayerFirstAttackMotion.cpp">
      <Filter>Game\Motion\PlayerMotion</Filter>
    </ClCompile>
    <ClCompile Include="Game\Motion\PlayerMotion\PlayerSecondAttackMotion.cpp">
      <Filter>Game\Motion\PlayerMotion</Filter>
    </ClCompile>
    <ClCompile Include="Game\Motion\Motion.cpp">
      <Filter>Game\Motion</Filter>
    </ClCompile>
    <ClCompile Include="Game\Motion\PlayerMotion\PlayerThirdAttackMotion.cpp">
      <Filter>Game\Motion\PlayerMotion</Filter>
    </ClCompile>
    <ClCompile Include="Game\Object\Player\State\PlayerAirAttack.cpp">
      <Filter>Game\Object\Player\State</Filter>
    </ClCompile>
    <ClCompile Include="Game\Motion\PlayerMotion\PlayerSlamAttackMotion.cpp">
      <Filter>Game\Motion\PlayerMotion</Filter>
    </ClCompile>
    <ClCompile Include="Game\Object\Player\State\PlayerDamaged.cpp">
      <Filter>Game\Object\Player\State</Filter>
    </ClCompile>
    <ClCompile Include="Game\Motion\BatMotion\BatAttackPreparingMotion.cpp">
      <Filter>Game\Motion\BatMotion</Filter>
    </ClCompile>
    <ClCompile Include="Game\Motion\BatMotion\BatAttackMotion.cpp">
      <Filter>Game\Motion\BatMotion</Filter>
    </ClCompile>
    <ClCompile Include="Game\Object\Enemy\Bat\State\BatDamaged.cpp">
      <Filter>Game\Object\Enemy\Bat\State</Filter>
    </ClCompile>
    <ClCompile Include="Game\Scene\ResultScene.cpp">
      <Filter>Game\Scene</Filter>
    </ClCompile>
    <ClCompile Include="Game\UI\Menu\Menu.cpp">
      <Filter>Game\UI\Menu</Filter>
    </ClCompile>
    <ClCompile Include="Game\UI\GemSelectUIManager.cpp">
      <Filter>Game\UI</Filter>
    </ClCompile>
    <ClCompile Include="Game\UI\GemSelect\ChangeConfirm.cpp">
      <Filter>Game\UI\GemSelect</Filter>
    </ClCompile>
    <ClCompile Include="Game\UI\GemSelect\ChangeGem.cpp">
      <Filter>Game\UI\GemSelect</Filter>
    </ClCompile>
    <ClCompile Include="Game\UI\HoldGem\HoldGemInfoDraw.cpp">
      <Filter>Game\UI\HoldGem</Filter>
    </ClCompile>
    <ClCompile Include="Game\Fuctory\UIFactory.cpp">
      <Filter>Game\Factory</Filter>
    </ClCompile>
    <ClCompile Include="Game\Object\Enemy\Golem\Golem.cpp">
      <Filter>Game\Object\Enemy\Golem</Filter>
    </ClCompile>
    <ClCompile Include="Game\Object\Enemy\Golem\State\GolemIdling.cpp">
      <Filter>Game\Object\Enemy\Golem\State</Filter>
    </ClCompile>
    <ClCompile Include="Game\Object\Enemy\Golem\State\GolemAttack.cpp">
      <Filter>Game\Object\Enemy\Golem\State</Filter>
    </ClCompile>
    <ClCompile Include="Game\Object\Enemy\Golem\State\GolemAttackPreparing.cpp">
      <Filter>Game\Object\Enemy\Golem\State</Filter>
    </ClCompile>
    <ClCompile Include="Game\Object\Enemy\Golem\State\GolemChasing.cpp">
      <Filter>Game\Object\Enemy\Golem\State</Filter>
    </ClCompile>
    <ClCompile Include="Game\Object\Enemy\Golem\State\GolemDamaged.cpp">
      <Filter>Game\Object\Enemy\Golem\State</Filter>
    </ClCompile>
    <ClCompile Include="Game\Object\Enemy\Golem\State\GolemMoving.cpp">
      <Filter>Game\Object\Enemy\Golem\State</Filter>
    </ClCompile>
    <ClCompile Include="Game\UI\Result\SaveConfirm.cpp">
      <Filter>Game\UI\Result</Filter>
    </ClCompile>
    <ClCompile Include="Game\Motion\PlayerMotion\PlayerIdlingMotion.cpp">
      <Filter>Game\Motion\PlayerMotion</Filter>
    </ClCompile>
    <ClCompile Include="Game\Object\Enemy\Golem\GolemHand.cpp">
      <Filter>Game\Object\Enemy\Golem</Filter>
    </ClCompile>
    <ClCompile Include="Game\Object\Stage\Candlestick.cpp">
      <Filter>Game\Object\Stage</Filter>
    </ClCompile>
    <ClCompile Include="Game\Motion\GolemMotion\GolemPunchMotion.cpp">
      <Filter>Game\Motion\GolemMotion</Filter>
    </ClCompile>
    <ClCompile Include="Game\Motion\GolemMotion\GolemPunchPreparingMotion.cpp">
      <Filter>Game\Motion\GolemMotion</Filter>
    </ClCompile>
    <ClCompile Include="Game\Particle\Particle.cpp">
      <Filter>Game\Particle</Filter>
    </ClCompile>
    <ClCompile Include="Game\Object\Enemy\EnemyPart.cpp">
      <Filter>Game\Object\Enemy</Filter>
    </ClCompile>
    <ClCompile Include="Game\Particle\ParticleManager.cpp">
      <Filter>Game\Particle</Filter>
    </ClCompile>
    <ClCompile Include="Game\Particle\Vanish\ParticleVanish.cpp">
      <Filter>Game\Particle\Vanish</Filter>
    </ClCompile>
    <ClCompile Include="Game\Particle\Vanish\ParticleVanishControl.cpp">
      <Filter>Game\Particle\Vanish</Filter>
    </ClCompile>
    <ClCompile Include="Game\Particle\ParticleControl.cpp">
      <Filter>Game\Particle</Filter>
    </ClCompile>
    <ClCompile Include="Game\Motion\GolemMotion\GolemSlammedDownMotion.cpp">
      <Filter>Game\Motion\GolemMotion</Filter>
    </ClCompile>
    <ClCompile Include="Game\Motion\GolemMotion\GolemSlammedDownPreparingMotion.cpp">
      <Filter>Game\Motion\GolemMotion</Filter>
    </ClCompile>
    <ClCompile Include="Game\Object\Item\Item.cpp">
      <Filter>Game\Object\Item</Filter>
    </ClCompile>
    <ClCompile Include="Game\Object\Item\ItemManager.cpp">
      <Filter>Game\Object\Item</Filter>
    </ClCompile>
    <ClCompile Include="Game\Transitor\Transitor.cpp">
      <Filter>Game\Transitor</Filter>
    </ClCompile>
    <ClCompile Include="Game\Particle\PowerUp\ParticlePowerUp.cpp">
      <Filter>Game\Particle\PowerUp</Filter>
    </ClCompile>
    <ClCompile Include="Game\UI\Buff\Buff.cpp">
      <Filter>Game\UI\Buff</Filter>
    </ClCompile>
    <ClCompile Include="Game\UI\Buff\BuffUIControl.cpp">
      <Filter>Game\UI\Buff</Filter>
    </ClCompile>
    <ClCompile Include="Game\Object\Gem\Unique\HPAutoRecoveryGem.cpp">
      <Filter>Game\Object\Gem\Unique</Filter>
    </ClCompile>
    <ClCompile Include="RenderTexture.cpp">
      <Filter>Common</Filter>
    </ClCompile>
    <ClCompile Include="Game\Particle\PowerUp\ParticlePowerUpControl.cpp">
      <Filter>Game\Particle\PowerUp</Filter>
    </ClCompile>
    <ClCompile Include="Game\Object\PartObject.cpp">
      <Filter>Game\Object</Filter>
    </ClCompile>
    <ClCompile Include="Game\Particle\MoveDust\ParticleMoveDust.cpp">
      <Filter>Game\Particle\MoveDust</Filter>
    </ClCompile>
    <ClCompile Include="Game\Particle\MoveDust\ParticleMoveDustControl.cpp">
      <Filter>Game\Particle\MoveDust</Filter>
    </ClCompile>
    <ClCompile Include="Game\Particle\ItemGet\ParticleItemGet.cpp">
      <Filter>Game\Particle\ItemGet</Filter>
    </ClCompile>
    <ClCompile Include="Game\Particle\ItemGet\ParticleItemGetControl.cpp">
      <Filter>Game\Particle\ItemGet</Filter>
    </ClCompile>
    <ClCompile Include="Game\Object\Gem\Unique\UniquGem.cpp">
      <Filter>Game\Object\Gem\Unique</Filter>
    </ClCompile>
    <ClCompile Include="Game\Fuctory\GemFactory.cpp">
      <Filter>Game\Factory</Filter>
    </ClCompile>
    <ClCompile Include="Game\Object\Gem\StatusUpGem.cpp">
      <Filter>Game\Object\Gem</Filter>
    </ClCompile>
    <ClCompile Include="Game\Object\Gem\Unique\AllSpenningAttackGem.cpp">
      <Filter>Game\Object\Gem\Unique</Filter>
    </ClCompile>
    <ClCompile Include="Game\Motion\BatMotion\BatDamageMotion.cpp">
      <Filter>Game\Motion\BatMotion</Filter>
    </ClCompile>
    <ClCompile Include="Game\UI\ClearConditions\ClearConditions.cpp">
      <Filter>Game\UI\ClearConditions</Filter>
    </ClCompile>
    <ClCompile Include="Game\UI\Number.cpp">
      <Filter>Game\UI</Filter>
    </ClCompile>
    <ClCompile Include="Game\UI\NumberControl.cpp">
      <Filter>Game\UI</Filter>
    </ClCompile>
    <ClCompile Include="Game\Particle\Damage\ParticleDamageNumber.cpp">
      <Filter>Game\Particle\Damage</Filter>
    </ClCompile>
    <ClCompile Include="Game\Particle\Damage\ParticleDamageControl.cpp">
      <Filter>Game\Particle\Damage</Filter>
    </ClCompile>
    <ClCompile Include="Game\Particle\Damage\ParticleNumber3D.cpp">
      <Filter>Game\Particle\Damage</Filter>
    </ClCompile>
    <ClCompile Include="Game\Object\Gem\Unique\FullHPAttackUp.cpp">
      <Filter>Game\Object\Gem\Unique</Filter>
    </ClCompile>
    <ClCompile Include="Game\Motion\PlayerMotion\PlayerAirSpenningMotion.cpp">
      <Filter>Game\Motion\PlayerMotion</Filter>
    </ClCompile>
    <ClCompile Include="Game\Motion\AttackMotion.cpp">
      <Filter>Game\Motion</Filter>
    </ClCompile>
  </ItemGroup>
  <ItemGroup>
    <ResourceCompile Include="resource.rc" />
  </ItemGroup>
  <ItemGroup>
    <Image Include="directx.ico">
      <Filter>Assets</Filter>
    </Image>
  </ItemGroup>
  <ItemGroup>
    <Manifest Include="settings.manifest">
      <Filter>Assets</Filter>
    </Manifest>
  </ItemGroup>
  <ItemGroup>
    <None Include="packages.config" />
    <None Include="Resources\Shaders\ModelShader\ModelShader.hlsli">
      <Filter>Resources\Shaders\ModelShader</Filter>
    </None>
    <None Include="Resources\Shaders\UIShader\UI.hlsli">
      <Filter>Resources\Shaders\UIShader</Filter>
    </None>
    <None Include="ClassDiagram.cd" />
    <None Include="Resources\Shaders\ParticleShader\Particle.hlsli">
      <Filter>Resources\Shaders\ParticleShader</Filter>
    </None>
    <None Include="Resources\Shaders\FadeShader\Fade.hlsli">
      <Filter>Resources\Shaders\FadeShader</Filter>
    </None>
    <None Include="Resources\Shaders\LumiRockShader\LumiRockShader.hlsli">
      <Filter>Resources\Shaders\lumiRockShader</Filter>
    </None>
    <None Include="Resources\Shaders\OutLineShader\OutLineShader.hlsli">
      <Filter>Resources\Shaders\OutLineShader</Filter>
    </None>
    <None Include="Resources\Shaders\NumberShader\Number.hlsli">
      <Filter>Resources\Shaders\NumberShader</Filter>
    </None>
    <None Include="Resources\Shaders\NumberShader\3D\Number3D.hlsli">
      <Filter>Resources\Shaders\NumberShader\3D</Filter>
    </None>
  </ItemGroup>
  <ItemGroup>
    <FxCompile Include="Resources\Shaders\ModelShader\ModelVS.hlsl">
      <Filter>Resources\Shaders\ModelShader</Filter>
    </FxCompile>
    <FxCompile Include="Resources\Shaders\ModelShader\ModelPS.hlsl">
      <Filter>Resources\Shaders\ModelShader</Filter>
    </FxCompile>
    <FxCompile Include="Resources\Shaders\ModelShader\ModelGS.hlsl">
      <Filter>Resources\Shaders\ModelShader</Filter>
    </FxCompile>
    <FxCompile Include="Resources\Shaders\UIShader\UIGS.hlsl">
      <Filter>Resources\Shaders\UIShader</Filter>
    </FxCompile>
    <FxCompile Include="Resources\Shaders\UIShader\UIPS.hlsl">
      <Filter>Resources\Shaders\UIShader</Filter>
    </FxCompile>
    <FxCompile Include="Resources\Shaders\UIShader\UIVS.hlsl">
      <Filter>Resources\Shaders\UIShader</Filter>
    </FxCompile>
    <FxCompile Include="Resources\Shaders\ParticleShader\ParticleGS.hlsl">
      <Filter>Resources\Shaders\ParticleShader</Filter>
    </FxCompile>
    <FxCompile Include="Resources\Shaders\ParticleShader\ParticlePS.hlsl">
      <Filter>Resources\Shaders\ParticleShader</Filter>
    </FxCompile>
    <FxCompile Include="Resources\Shaders\ParticleShader\ParticleVS.hlsl">
      <Filter>Resources\Shaders\ParticleShader</Filter>
    </FxCompile>
    <FxCompile Include="Resources\Shaders\ModelShader\ItemModelPS.hlsl">
      <Filter>Resources\Shaders\ModelShader</Filter>
    </FxCompile>
    <FxCompile Include="Resources\Shaders\FadeShader\FadeGS.hlsl">
      <Filter>Resources\Shaders\FadeShader</Filter>
    </FxCompile>
    <FxCompile Include="Resources\Shaders\FadeShader\FadePS.hlsl">
      <Filter>Resources\Shaders\FadeShader</Filter>
    </FxCompile>
    <FxCompile Include="Resources\Shaders\FadeShader\FadeVS.hlsl">
      <Filter>Resources\Shaders\FadeShader</Filter>
    </FxCompile>
    <FxCompile Include="Resources\Shaders\LumiRockShader\LumiRockGS.hlsl">
      <Filter>Resources\Shaders\lumiRockShader</Filter>
    </FxCompile>
    <FxCompile Include="Resources\Shaders\LumiRockShader\LumiRockPS.hlsl">
      <Filter>Resources\Shaders\lumiRockShader</Filter>
    </FxCompile>
    <FxCompile Include="Resources\Shaders\LumiRockShader\LumiRockVS.hlsl">
      <Filter>Resources\Shaders\lumiRockShader</Filter>
    </FxCompile>
    <FxCompile Include="Resources\Shaders\OutLineShader\OutlineGS.hlsl">
      <Filter>Resources\Shaders\OutLineShader</Filter>
    </FxCompile>
    <FxCompile Include="Resources\Shaders\OutLineShader\OutlinePS.hlsl">
      <Filter>Resources\Shaders\OutLineShader</Filter>
    </FxCompile>
    <FxCompile Include="Resources\Shaders\OutLineShader\OutlineVS.hlsl">
      <Filter>Resources\Shaders\OutLineShader</Filter>
    </FxCompile>
    <FxCompile Include="Resources\Shaders\ModelShader\ModelHS.hlsl">
      <Filter>Resources\Shaders\ModelShader</Filter>
    </FxCompile>
    <FxCompile Include="Resources\Shaders\NumberShader\NumberGS.hlsl">
      <Filter>Resources\Shaders\NumberShader</Filter>
    </FxCompile>
    <FxCompile Include="Resources\Shaders\NumberShader\NumberPS.hlsl">
      <Filter>Resources\Shaders\NumberShader</Filter>
    </FxCompile>
    <FxCompile Include="Resources\Shaders\NumberShader\NumberVS.hlsl">
      <Filter>Resources\Shaders\NumberShader</Filter>
    </FxCompile>
    <FxCompile Include="Resources\Shaders\NumberShader\3D\Number3DGS.hlsl">
      <Filter>Resources\Shaders\NumberShader\3D</Filter>
    </FxCompile>
    <FxCompile Include="Resources\Shaders\NumberShader\3D\Number3DPS.hlsl">
      <Filter>Resources\Shaders\NumberShader\3D</Filter>
    </FxCompile>
    <FxCompile Include="Resources\Shaders\NumberShader\3D\Number3DVS.hlsl">
      <Filter>Resources\Shaders\NumberShader\3D</Filter>
    </FxCompile>
  </ItemGroup>
</Project>